
Microsoft Visual Studio Solution File, Format Version 12.00
# Visual Studio Version 16
VisualStudioVersion = 16.0.28729.10
MinimumVisualStudioVersion = 10.0.40219.1
Project("{8BC9CEB8-8B4A-11D0-8D11-00A0C91BC942}") = "ProjectA", "ProjectA\ProjectA.vcxproj", "{5B8ABCB6-17C3-468A-8ACA-AF45D997B396}"
EndProject
Global
	GlobalSection(SolutionConfigurationPlatforms) = preSolution
		Debug|x64 = Debug|x64
		Debug|x86 = Debug|x86
		Release|x64 = Release|x64
		Release|x86 = Release|x86
	EndGlobalSection
	GlobalSection(ProjectConfigurationPlatforms) = postSolution
		{5B8ABCB6-17C3-468A-8ACA-AF45D997B396}.Debug|x64.ActiveCfg = Debug|x64
		{5B8ABCB6-17C3-468A-8ACA-AF45D997B396}.Debug|x64.Build.0 = Debug|x64
		{5B8ABCB6-17C3-468A-8ACA-AF45D997B396}.Debug|x86.ActiveCfg = Debug|Win32
		{5B8ABCB6-17C3-468A-8ACA-AF45D997B396}.Debug|x86.Build.0 = Debug|Win32
		{5B8ABCB6-17C3-468A-8ACA-AF45D997B396}.Release|x64.ActiveCfg = Release|x64
		{5B8ABCB6-17C3-468A-8ACA-AF45D997B396}.Release|x64.Build.0 = Release|x64
		{5B8ABCB6-17C3-468A-8ACA-AF45D997B396}.Release|x86.ActiveCfg = Release|Win32
		{5B8ABCB6-17C3-468A-8ACA-AF45D997B396}.Release|x86.Build.0 = Release|Win32
	EndGlobalSection
	GlobalSection(SolutionProperties) = preSolution
		HideSolutionNode = FALSE
	EndGlobalSection
	GlobalSection(ExtensibilityGlobals) = postSolution
		SolutionGuid = {CEC148CD-F9CA-4242-AC19-4AE0E93349F6}
	EndGlobalSection
EndGlobal
