
Microsoft Visual Studio Solution File, Format Version 12.00
# Visual Studio Version 16
VisualStudioVersion = 16.0.28803.156
MinimumVisualStudioVersion = 10.0.40219.1
Project("{8BC9CEB8-8B4A-11D0-8D11-00A0C91BC942}") = "ProjectC", "ProjectC\ProjectC.vcxproj", "{C5E08B2B-BA62-4477-83E1-ACBD8C5D2622}"
EndProject
Global
	GlobalSection(SolutionConfigurationPlatforms) = preSolution
		Debug|x64 = Debug|x64
		Debug|x86 = Debug|x86
		Release|x64 = Release|x64
		Release|x86 = Release|x86
	EndGlobalSection
	GlobalSection(ProjectConfigurationPlatforms) = postSolution
		{C5E08B2B-BA62-4477-83E1-ACBD8C5D2622}.Debug|x64.ActiveCfg = Debug|x64
		{C5E08B2B-BA62-4477-83E1-ACBD8C5D2622}.Debug|x64.Build.0 = Debug|x64
		{C5E08B2B-BA62-4477-83E1-ACBD8C5D2622}.Debug|x86.ActiveCfg = Debug|Win32
		{C5E08B2B-BA62-4477-83E1-ACBD8C5D2622}.Debug|x86.Build.0 = Debug|Win32
		{C5E08B2B-BA62-4477-83E1-ACBD8C5D2622}.Release|x64.ActiveCfg = Release|x64
		{C5E08B2B-BA62-4477-83E1-ACBD8C5D2622}.Release|x64.Build.0 = Release|x64
		{C5E08B2B-BA62-4477-83E1-ACBD8C5D2622}.Release|x86.ActiveCfg = Release|Win32
		{C5E08B2B-BA62-4477-83E1-ACBD8C5D2622}.Release|x86.Build.0 = Release|Win32
	EndGlobalSection
	GlobalSection(SolutionProperties) = preSolution
		HideSolutionNode = FALSE
	EndGlobalSection
	GlobalSection(ExtensibilityGlobals) = postSolution
		SolutionGuid = {BA15221C-AA70-415A-9090-432D6002B902}
	EndGlobalSection
EndGlobal
