
Microsoft Visual Studio Solution File, Format Version 12.00
# Visual Studio Version 16
VisualStudioVersion = 16.0.28729.10
MinimumVisualStudioVersion = 10.0.40219.1
Project("{8BC9CEB8-8B4A-11D0-8D11-00A0C91BC942}") = "ProjectF", "ProjectF\ProjectF.vcxproj", "{AE90732D-AD41-41EB-8978-2C0BC799A0B2}"
EndProject
Global
	GlobalSection(SolutionConfigurationPlatforms) = preSolution
		Debug|x64 = Debug|x64
		Debug|x86 = Debug|x86
		Release|x64 = Release|x64
		Release|x86 = Release|x86
	EndGlobalSection
	GlobalSection(ProjectConfigurationPlatforms) = postSolution
		{AE90732D-AD41-41EB-8978-2C0BC799A0B2}.Debug|x64.ActiveCfg = Debug|x64
		{AE90732D-AD41-41EB-8978-2C0BC799A0B2}.Debug|x64.Build.0 = Debug|x64
		{AE90732D-AD41-41EB-8978-2C0BC799A0B2}.Debug|x86.ActiveCfg = Debug|Win32
		{AE90732D-AD41-41EB-8978-2C0BC799A0B2}.Debug|x86.Build.0 = Debug|Win32
		{AE90732D-AD41-41EB-8978-2C0BC799A0B2}.Release|x64.ActiveCfg = Release|x64
		{AE90732D-AD41-41EB-8978-2C0BC799A0B2}.Release|x64.Build.0 = Release|x64
		{AE90732D-AD41-41EB-8978-2C0BC799A0B2}.Release|x86.ActiveCfg = Release|Win32
		{AE90732D-AD41-41EB-8978-2C0BC799A0B2}.Release|x86.Build.0 = Release|Win32
	EndGlobalSection
	GlobalSection(SolutionProperties) = preSolution
		HideSolutionNode = FALSE
	EndGlobalSection
	GlobalSection(ExtensibilityGlobals) = postSolution
		SolutionGuid = {4734329E-D75D-45EF-B6AD-F2E3D6DFEAB2}
	EndGlobalSection
EndGlobal
